
Microsoft Visual Studio Solution File, Format Version 12.00
# Visual Studio 2017
Project("{FAE04EC0-301F-11D3-BF4B-00C04F79EFBC}") = "NEW_MAGIC", "NEW_MAGIC.csproj", "{99B48674-1136-EFC7-8768-EECF75621F18}"
EndProject
Project("{FAE04EC0-301F-11D3-BF4B-00C04F79EFBC}") = "NEW_MAGIC.Editor", "NEW_MAGIC.Editor.csproj", "{A0498C43-7A99-4C24-D7A9-6BA0366C2816}"
EndProject
Global
	GlobalSection(SolutionConfigurationPlatforms) = preSolution
		Debug|Any CPU = Debug|Any CPU
		Release|Any CPU = Release|Any CPU
	EndGlobalSection
	GlobalSection(ProjectConfigurationPlatforms) = postSolution
		{99B48674-1136-EFC7-8768-EECF75621F18}.Debug|Any CPU.ActiveCfg = Debug|Any CPU
		{99B48674-1136-EFC7-8768-EECF75621F18}.Debug|Any CPU.Build.0 = Debug|Any CPU
		{99B48674-1136-EFC7-8768-EECF75621F18}.Release|Any CPU.ActiveCfg = Release|Any CPU
		{99B48674-1136-EFC7-8768-EECF75621F18}.Release|Any CPU.Build.0 = Release|Any CPU
		{A0498C43-7A99-4C24-D7A9-6BA0366C2816}.Debug|Any CPU.ActiveCfg = Debug|Any CPU
		{A0498C43-7A99-4C24-D7A9-6BA0366C2816}.Debug|Any CPU.Build.0 = Debug|Any CPU
		{A0498C43-7A99-4C24-D7A9-6BA0366C2816}.Release|Any CPU.ActiveCfg = Release|Any CPU
		{A0498C43-7A99-4C24-D7A9-6BA0366C2816}.Release|Any CPU.Build.0 = Release|Any CPU
	EndGlobalSection
	GlobalSection(SolutionProperties) = preSolution
		HideSolutionNode = FALSE
	EndGlobalSection
EndGlobal
