
Microsoft Visual Studio Solution File, Format Version 12.00
# Visual Studio 2017
Project("{FAE04EC0-301F-11D3-BF4B-00C04F79EFBC}") = "YM_WB.Plugins", "YM_WB.Plugins.csproj", "{BE367E11-0370-DFCE-143C-3C3A3D142984}"
EndProject
Project("{FAE04EC0-301F-11D3-BF4B-00C04F79EFBC}") = "YM_WB", "YM_WB.csproj", "{6053CB9B-8A09-8D54-8A53-D3871ECB9CBF}"
EndProject
Project("{FAE04EC0-301F-11D3-BF4B-00C04F79EFBC}") = "YM_WB.Editor", "YM_WB.Editor.csproj", "{B03AE553-9D06-3280-F98D-0EA0ECE09491}"
EndProject
Global
	GlobalSection(SolutionConfigurationPlatforms) = preSolution
		Debug|Any CPU = Debug|Any CPU
		Release|Any CPU = Release|Any CPU
	EndGlobalSection
	GlobalSection(ProjectConfigurationPlatforms) = postSolution
		{BE367E11-0370-DFCE-143C-3C3A3D142984}.Debug|Any CPU.ActiveCfg = Debug|Any CPU
		{BE367E11-0370-DFCE-143C-3C3A3D142984}.Debug|Any CPU.Build.0 = Debug|Any CPU
		{BE367E11-0370-DFCE-143C-3C3A3D142984}.Release|Any CPU.ActiveCfg = Release|Any CPU
		{BE367E11-0370-DFCE-143C-3C3A3D142984}.Release|Any CPU.Build.0 = Release|Any CPU
		{6053CB9B-8A09-8D54-8A53-D3871ECB9CBF}.Debug|Any CPU.ActiveCfg = Debug|Any CPU
		{6053CB9B-8A09-8D54-8A53-D3871ECB9CBF}.Debug|Any CPU.Build.0 = Debug|Any CPU
		{6053CB9B-8A09-8D54-8A53-D3871ECB9CBF}.Release|Any CPU.ActiveCfg = Release|Any CPU
		{6053CB9B-8A09-8D54-8A53-D3871ECB9CBF}.Release|Any CPU.Build.0 = Release|Any CPU
		{B03AE553-9D06-3280-F98D-0EA0ECE09491}.Debug|Any CPU.ActiveCfg = Debug|Any CPU
		{B03AE553-9D06-3280-F98D-0EA0ECE09491}.Debug|Any CPU.Build.0 = Debug|Any CPU
		{B03AE553-9D06-3280-F98D-0EA0ECE09491}.Release|Any CPU.ActiveCfg = Release|Any CPU
		{B03AE553-9D06-3280-F98D-0EA0ECE09491}.Release|Any CPU.Build.0 = Release|Any CPU
	EndGlobalSection
	GlobalSection(SolutionProperties) = preSolution
		HideSolutionNode = FALSE
	EndGlobalSection
EndGlobal
