
Microsoft Visual Studio Solution File, Format Version 12.00
# Visual Studio 2015
Project("{FAE04EC0-301F-11D3-BF4B-00C04F79EFBC}") = "YM_WB", "YM_WB.csproj", "{6053CB9B-8A09-8D54-8A53-D3871ECB9CBF}"
EndProject
Global
	GlobalSection(SolutionConfigurationPlatforms) = preSolution
		Debug|Any CPU = Debug|Any CPU
		Release|Any CPU = Release|Any CPU
	EndGlobalSection
	GlobalSection(ProjectConfigurationPlatforms) = postSolution
		{6053CB9B-8A09-8D54-8A53-D3871ECB9CBF}.Debug|Any CPU.ActiveCfg = Debug|Any CPU
		{6053CB9B-8A09-8D54-8A53-D3871ECB9CBF}.Debug|Any CPU.Build.0 = Debug|Any CPU
		{6053CB9B-8A09-8D54-8A53-D3871ECB9CBF}.Release|Any CPU.ActiveCfg = Release|Any CPU
		{6053CB9B-8A09-8D54-8A53-D3871ECB9CBF}.Release|Any CPU.Build.0 = Release|Any CPU
	EndGlobalSection
	GlobalSection(SolutionProperties) = preSolution
		HideSolutionNode = FALSE
	EndGlobalSection
EndGlobal
